<?xml version="1.0" encoding="utf-8"?>
<Project ToolsVersion="4.0" xmlns="http://schemas.microsoft.com/developer/msbuild/2003">
  <ItemGroup>
    <Filter Include="Source Files">
      <UniqueIdentifier>{4FC737F1-C7A5-4376-A066-2A32D752A2FF}</UniqueIdentifier>
      <Extensions>cpp;c;cc;cxx;def;odl;idl;hpj;bat;asm;asmx</Extensions>
    </Filter>
    <Filter Include="Header Files">
      <UniqueIdentifier>{93995380-89BD-4b04-88EB-625FBE52EBFB}</UniqueIdentifier>
      <Extensions>h;hpp;hxx;hm;inl;inc;xsd</Extensions>
    </Filter>
    <Filter Include="Resource Files">
      <UniqueIdentifier>{67DA6AB6-F800-4c08-8B7A-83BB121AAD01}</UniqueIdentifier>
      <Extensions>rc;ico;cur;bmp;dlg;rc2;rct;bin;rgs;gif;jpg;jpeg;jpe;resx;tiff;tif;png;wav;mfcribbon-ms</Extensions>
    </Filter>
    <Filter Include="Moc Files">
      <UniqueIdentifier>{8d031b58-0633-421b-b345-5bfde118741f}</UniqueIdentifier>
    </Filter>
    <Filter Include="Shader Code">
      <UniqueIdentifier>{d9eda4cd-33dd-4775-ab09-6621885c5e65}</UniqueIdentifier>
    </Filter>
  </ItemGroup>
  <ItemGroup>
    <ClCompile Include="MainWindow.cpp">
      <Filter>Source Files</Filter>
    </ClCompile>
    <ClCompile Include="Plane.cpp">
      <Filter>Source Files</Filter>
    </ClCompile>
    <ClCompile Include="Vertex.cpp">
      <Filter>Source Files</Filter>
    </ClCompile>
    <ClCompile Include="noiseutils.cpp">
      <Filter>Source Files</Filter>
    </ClCompile>
    <ClCompile Include="LabeledSpinbox.cpp">
      <Filter>Source Files</Filter>
    </ClCompile>
    <ClCompile Include="LabeledSpinbox_moc.cpp">
      <Filter>Moc Files</Filter>
    </ClCompile>
    <ClCompile Include="DoubleLabeledSpinbox.cpp">
      <Filter>Source Files</Filter>
    </ClCompile>
    <ClCompile Include="TextureEditor.cpp">
      <Filter>Source Files</Filter>
    </ClCompile>
    <ClCompile Include="GeometryEditor.cpp">
      <Filter>Source Files</Filter>
    </ClCompile>
    <ClCompile Include="TextureEditor_moc.cpp">
      <Filter>Moc Files</Filter>
    </ClCompile>
    <ClCompile Include="DungeonRoom.cpp">
      <Filter>Source Files</Filter>
    </ClCompile>
    <ClCompile Include="LabeledCheckBox.cpp">
      <Filter>Source Files</Filter>
    </ClCompile>
    <ClCompile Include="LabeledCheckBox_moc.cpp">
      <Filter>Moc Files</Filter>
    </ClCompile>
    <ClCompile Include="GeometryEditor_moc.cpp">
      <Filter>Moc Files</Filter>
    </ClCompile>
    <ClCompile Include="Cell.cpp">
      <Filter>Source Files</Filter>
    </ClCompile>
    <ClCompile Include="Dungeon.cpp">
      <Filter>Source Files</Filter>
    </ClCompile>
    <ClCompile Include="Dungeon_moc.cpp">
      <Filter>Moc Files</Filter>
    </ClCompile>
    <ClCompile Include="DungeonGraph.cpp">
      <Filter>Source Files</Filter>
    </ClCompile>
    <ClCompile Include="DungeonGraph_moc.cpp">
      <Filter>Moc Files</Filter>
    </ClCompile>
    <ClCompile Include="Cube.cpp">
      <Filter>Source Files</Filter>
    </ClCompile>
    <ClCompile Include="CylinderBuilder.cpp">
      <Filter>Source Files</Filter>
    </ClCompile>
    <ClCompile Include="CubeBuilder.cpp">
      <Filter>Source Files</Filter>
    </ClCompile>
    <ClCompile Include="SphereBuilder.cpp">
      <Filter>Source Files</Filter>
    </ClCompile>
    <ClCompile Include="DomeBuilder.cpp">
      <Filter>Source Files</Filter>
    </ClCompile>
    <ClCompile Include="CorridorFloorTextureEditor.cpp">
      <Filter>Source Files</Filter>
    </ClCompile>
    <ClCompile Include="DungeonMaker.cpp">
      <Filter>Source Files</Filter>
    </ClCompile>
    <ClCompile Include="CorridorFloorTextureEditor_moc.cpp">
      <Filter>Moc Files</Filter>
    </ClCompile>
    <ClCompile Include="DungeonMaker_moc.cpp">
      <Filter>Moc Files</Filter>
    </ClCompile>
    <ClCompile Include="RoomFloorTextureEditor.cpp">
      <Filter>Source Files</Filter>
    </ClCompile>
    <ClCompile Include="RoomFloorTextureEditor_moc.cpp">
      <Filter>Moc Files</Filter>
    </ClCompile>
    <ClCompile Include="WallTextureEditor.cpp">
      <Filter>Source Files</Filter>
    </ClCompile>
    <ClCompile Include="WallTextureEditor_moc.cpp">
      <Filter>Moc Files</Filter>
    </ClCompile>
  </ItemGroup>
  <ItemGroup>
    <ClInclude Include="Plane.h">
      <Filter>Header Files</Filter>
    </ClInclude>
    <ClInclude Include="Vertex.h">
      <Filter>Header Files</Filter>
    </ClInclude>
    <ClInclude Include="noiseutils.h">
      <Filter>Header Files</Filter>
    </ClInclude>
    <ClInclude Include="LabeledSpinbox.h">
      <Filter>Header Files</Filter>
    </ClInclude>
    <ClInclude Include="DoubleLabeledSpinbox.h">
      <Filter>Header Files</Filter>
    </ClInclude>
    <ClInclude Include="TextureEditor.h">
      <Filter>Header Files</Filter>
    </ClInclude>
    <ClInclude Include="GeometryEditor.h">
      <Filter>Header Files</Filter>
    </ClInclude>
    <ClInclude Include="DungeonRoom.h">
      <Filter>Header Files</Filter>
    </ClInclude>
    <ClInclude Include="LabeledCheckBox.h">
      <Filter>Header Files</Filter>
    </ClInclude>
    <ClInclude Include="Dungeon.h">
      <Filter>Header Files</Filter>
    </ClInclude>
    <ClInclude Include="Cell.h">
      <Filter>Header Files</Filter>
    </ClInclude>
    <ClInclude Include="DungeonGraph.h">
      <Filter>Header Files</Filter>
    </ClInclude>
    <ClInclude Include="DungeonNode.h">
      <Filter>Header Files</Filter>
    </ClInclude>
    <ClInclude Include="Cube.h">
      <Filter>Header Files</Filter>
    </ClInclude>
    <ClInclude Include="CylinderBuilder.h">
      <Filter>Header Files</Filter>
    </ClInclude>
    <ClInclude Include="CubeBuilder.h">
      <Filter>Header Files</Filter>
    </ClInclude>
    <ClInclude Include="SphereBuilder.h">
      <Filter>Header Files</Filter>
    </ClInclude>
    <ClInclude Include="DomeBuilder.h">
      <Filter>Header Files</Filter>
    </ClInclude>
    <ClInclude Include="CorridorFloorTextureEditor.h">
      <Filter>Header Files</Filter>
    </ClInclude>
    <ClInclude Include="DungeonMaker.h">
      <Filter>Header Files</Filter>
    </ClInclude>
    <ClInclude Include="RoomFloorTextureEditor.h">
      <Filter>Header Files</Filter>
    </ClInclude>
    <ClInclude Include="WallTextureEditor.h">
      <Filter>Header Files</Filter>
    </ClInclude>
  </ItemGroup>
  <ItemGroup>
    <None Include="SimpleFragmentShaderCode.glsl">
      <Filter>Shader Code</Filter>
    </None>
    <None Include="SimpleVertexShaderCode.glsl">
      <Filter>Shader Code</Filter>
    </None>
    <None Include="SimpleGeometryShaderCode.glsl">
      <Filter>Shader Code</Filter>
    </None>
    <None Include="LightFragmentShaderCode.glsl">
      <Filter>Shader Code</Filter>
    </None>
    <None Include="LightVertexShaderCode.glsl">
      <Filter>Shader Code</Filter>
    </None>
  </ItemGroup>
</Project>